
Microsoft Visual Studio Solution File, Format Version 12.00
# Visual Studio 14
VisualStudioVersion = 14.0.23107.0
MinimumVisualStudioVersion = 10.0.40219.1
Project("{FAE04EC0-301F-11D3-BF4B-00C04F79EFBC}") = "VisitorImplementation", "VisitorImplementation\VisitorImplementation.csproj", "{C1B1B1EC-CE80-4053-BB73-877C422109DA}"
EndProject
Project("{FAE04EC0-301F-11D3-BF4B-00C04F79EFBC}") = "Visitor.Program", "Visitor.Program\Visitor.Program.csproj", "{D5176A97-39D8-4AF6-BF02-941D61F7DE0F}"
EndProject
Project("{FAE04EC0-301F-11D3-BF4B-00C04F79EFBC}") = "VisitorAsset", "VisitorAsset\VisitorAsset.csproj", "{1FA56973-1966-4B67-8EF1-6900C8BF1411}"
EndProject
Global
	GlobalSection(SolutionConfigurationPlatforms) = preSolution
		Debug|Any CPU = Debug|Any CPU
		Release|Any CPU = Release|Any CPU
	EndGlobalSection
	GlobalSection(ProjectConfigurationPlatforms) = postSolution
		{C1B1B1EC-CE80-4053-BB73-877C422109DA}.Debug|Any CPU.ActiveCfg = Debug|Any CPU
		{C1B1B1EC-CE80-4053-BB73-877C422109DA}.Debug|Any CPU.Build.0 = Debug|Any CPU
		{C1B1B1EC-CE80-4053-BB73-877C422109DA}.Release|Any CPU.ActiveCfg = Release|Any CPU
		{C1B1B1EC-CE80-4053-BB73-877C422109DA}.Release|Any CPU.Build.0 = Release|Any CPU
		{D5176A97-39D8-4AF6-BF02-941D61F7DE0F}.Debug|Any CPU.ActiveCfg = Debug|Any CPU
		{D5176A97-39D8-4AF6-BF02-941D61F7DE0F}.Debug|Any CPU.Build.0 = Debug|Any CPU
		{D5176A97-39D8-4AF6-BF02-941D61F7DE0F}.Release|Any CPU.ActiveCfg = Release|Any CPU
		{D5176A97-39D8-4AF6-BF02-941D61F7DE0F}.Release|Any CPU.Build.0 = Release|Any CPU
		{1FA56973-1966-4B67-8EF1-6900C8BF1411}.Debug|Any CPU.ActiveCfg = Debug|Any CPU
		{1FA56973-1966-4B67-8EF1-6900C8BF1411}.Debug|Any CPU.Build.0 = Debug|Any CPU
		{1FA56973-1966-4B67-8EF1-6900C8BF1411}.Release|Any CPU.ActiveCfg = Release|Any CPU
		{1FA56973-1966-4B67-8EF1-6900C8BF1411}.Release|Any CPU.Build.0 = Release|Any CPU
	EndGlobalSection
	GlobalSection(SolutionProperties) = preSolution
		HideSolutionNode = FALSE
	EndGlobalSection
EndGlobal
