
Microsoft Visual Studio Solution File, Format Version 12.00
# Visual Studio 14
VisualStudioVersion = 14.0.23107.0
MinimumVisualStudioVersion = 10.0.40219.1
Project("{FAE04EC0-301F-11D3-BF4B-00C04F79EFBC}") = "Shapes", "Shapes\Shapes.csproj", "{576ACEE4-C068-42C6-86BA-3D133A33A62D}"
EndProject
Project("{FAE04EC0-301F-11D3-BF4B-00C04F79EFBC}") = "Shapes.Application", "Shapes.Application\Shapes.Application.csproj", "{9CE6AC62-0489-48A3-8265-F7979F356DA3}"
EndProject
Global
	GlobalSection(SolutionConfigurationPlatforms) = preSolution
		Debug|Any CPU = Debug|Any CPU
		Release|Any CPU = Release|Any CPU
	EndGlobalSection
	GlobalSection(ProjectConfigurationPlatforms) = postSolution
		{576ACEE4-C068-42C6-86BA-3D133A33A62D}.Debug|Any CPU.ActiveCfg = Debug|Any CPU
		{576ACEE4-C068-42C6-86BA-3D133A33A62D}.Debug|Any CPU.Build.0 = Debug|Any CPU
		{576ACEE4-C068-42C6-86BA-3D133A33A62D}.Release|Any CPU.ActiveCfg = Release|Any CPU
		{576ACEE4-C068-42C6-86BA-3D133A33A62D}.Release|Any CPU.Build.0 = Release|Any CPU
		{9CE6AC62-0489-48A3-8265-F7979F356DA3}.Debug|Any CPU.ActiveCfg = Debug|Any CPU
		{9CE6AC62-0489-48A3-8265-F7979F356DA3}.Debug|Any CPU.Build.0 = Debug|Any CPU
		{9CE6AC62-0489-48A3-8265-F7979F356DA3}.Release|Any CPU.ActiveCfg = Release|Any CPU
		{9CE6AC62-0489-48A3-8265-F7979F356DA3}.Release|Any CPU.Build.0 = Release|Any CPU
	EndGlobalSection
	GlobalSection(SolutionProperties) = preSolution
		HideSolutionNode = FALSE
	EndGlobalSection
EndGlobal
